
Microsoft Visual Studio Solution File, Format Version 12.00
# Visual Studio 15
VisualStudioVersion = 15.0.27617.1
MinimumVisualStudioVersion = 10.0.40219.1
Project("{FAE04EC0-301F-11D3-BF4B-00C04F79EFBC}") = "BlazorSample.Server", "BlazorSample\BlazorSample.Server\BlazorSample.Server.csproj", "{9FC937A2-50AC-46D0-BB57-0F6E060B26F4}"
EndProject
Project("{FAE04EC0-301F-11D3-BF4B-00C04F79EFBC}") = "BlazorSample.Client", "BlazorSample\BlazorSample.Client\BlazorSample.Client.csproj", "{16908D5B-5A50-44F5-BEC0-7596919801EB}"
EndProject
Project("{FAE04EC0-301F-11D3-BF4B-00C04F79EFBC}") = "BlazorSample.Shared", "BlazorSample\BlazorSample.Shared\BlazorSample.Shared.csproj", "{F1CDAFD4-BA7C-4264-8F41-30B7AE8E8D32}"
EndProject
Global
	GlobalSection(SolutionConfigurationPlatforms) = preSolution
		Debug|Any CPU = Debug|Any CPU
		Release|Any CPU = Release|Any CPU
	EndGlobalSection
	GlobalSection(ProjectConfigurationPlatforms) = postSolution
		{9FC937A2-50AC-46D0-BB57-0F6E060B26F4}.Debug|Any CPU.ActiveCfg = Debug|Any CPU
		{9FC937A2-50AC-46D0-BB57-0F6E060B26F4}.Debug|Any CPU.Build.0 = Debug|Any CPU
		{9FC937A2-50AC-46D0-BB57-0F6E060B26F4}.Release|Any CPU.ActiveCfg = Release|Any CPU
		{9FC937A2-50AC-46D0-BB57-0F6E060B26F4}.Release|Any CPU.Build.0 = Release|Any CPU
		{16908D5B-5A50-44F5-BEC0-7596919801EB}.Debug|Any CPU.ActiveCfg = Debug|Any CPU
		{16908D5B-5A50-44F5-BEC0-7596919801EB}.Debug|Any CPU.Build.0 = Debug|Any CPU
		{16908D5B-5A50-44F5-BEC0-7596919801EB}.Release|Any CPU.ActiveCfg = Release|Any CPU
		{16908D5B-5A50-44F5-BEC0-7596919801EB}.Release|Any CPU.Build.0 = Release|Any CPU
		{F1CDAFD4-BA7C-4264-8F41-30B7AE8E8D32}.Debug|Any CPU.ActiveCfg = Debug|Any CPU
		{F1CDAFD4-BA7C-4264-8F41-30B7AE8E8D32}.Debug|Any CPU.Build.0 = Debug|Any CPU
		{F1CDAFD4-BA7C-4264-8F41-30B7AE8E8D32}.Release|Any CPU.ActiveCfg = Release|Any CPU
		{F1CDAFD4-BA7C-4264-8F41-30B7AE8E8D32}.Release|Any CPU.Build.0 = Release|Any CPU
	EndGlobalSection
	GlobalSection(SolutionProperties) = preSolution
		HideSolutionNode = FALSE
	EndGlobalSection
	GlobalSection(ExtensibilityGlobals) = postSolution
		SolutionGuid = {DD1009D3-8126-4FBB-951A-D3BF1B23ED79}
	EndGlobalSection
EndGlobal
